
Microsoft Visual Studio Solution File, Format Version 12.00
# Visual Studio Version 17
VisualStudioVersion = 17.3.32825.248
MinimumVisualStudioVersion = 10.0.40219.1
Project("{FAE04EC0-301F-11D3-BF4B-00C04F79EFBC}") = "Exception", "Assignments\Exception.csproj", "{A6BC8D3C-4CC9-417F-8539-8FF0295134BA}"
EndProject
Project("{FAE04EC0-301F-11D3-BF4B-00C04F79EFBC}") = "CustomeException", "CustomeException\CustomeException.csproj", "{E2D1B747-274F-4C1B-A338-4E65AA4E0EFC}"
EndProject
Project("{FAE04EC0-301F-11D3-BF4B-00C04F79EFBC}") = "FindSum", "UnitTestFindSum\FindSum.csproj", "{BF804D15-82BD-4478-8701-AB2219024039}"
EndProject
Project("{2150E333-8FDC-42A3-9474-1A3956D46DE8}") = "Unitest", "Unitest", "{9ADDD6E8-F337-48A7-A4A9-D11FF6345667}"
EndProject
Project("{FAE04EC0-301F-11D3-BF4B-00C04F79EFBC}") = "SimpleLoop", "SimpleLoopTest\SimpleLoop.csproj", "{E3904DB0-C1B7-4777-91DF-CAE1DEC1493E}"
EndProject
Project("{FAE04EC0-301F-11D3-BF4B-00C04F79EFBC}") = "SimpleLoop.UnitTestProject1", "UnitTestProject1\SimpleLoop.UnitTestProject1.csproj", "{6FA98498-0BA6-4C4B-9C49-905A3242902B}"
EndProject
Project("{FAE04EC0-301F-11D3-BF4B-00C04F79EFBC}") = "DelegateAssPDF", "DelegateAssPDF\DelegateAssPDF.csproj", "{B19C504B-2E4A-4D1B-8E75-FAA9CA737C21}"
EndProject
Project("{2150E333-8FDC-42A3-9474-1A3956D46DE8}") = "BankSystemTesting", "BankSystemTesting", "{0C8BBDAD-5378-426B-B294-3173A6BD2068}"
EndProject
Project("{FAE04EC0-301F-11D3-BF4B-00C04F79EFBC}") = "BankingProject", "BankingProject\BankingProject.csproj", "{2534A3E3-B355-4618-A4D8-ADB358824EE9}"
EndProject
Project("{2150E333-8FDC-42A3-9474-1A3956D46DE8}") = "AI Recomendation CaseStudy", "AI Recomendation CaseStudy", "{26378BBE-28EC-4B89-90B5-9F2644E84826}"
EndProject
Project("{2150E333-8FDC-42A3-9474-1A3956D46DE8}") = "PearsonCorrelation", "PearsonCorrelation", "{E773D522-57E8-41C9-9A9D-F0A2E95B04EB}"
EndProject
Project("{FAE04EC0-301F-11D3-BF4B-00C04F79EFBC}") = "CorrelationEngine", "CorrelationEngine\CorrelationEngine.csproj", "{D721266C-7112-491F-860B-62DC99E94A93}"
EndProject
Project("{2150E333-8FDC-42A3-9474-1A3956D46DE8}") = "ConSole", "ConSole", "{8D46A278-1CB7-4274-ACD7-15CBE4452E19}"
EndProject
Project("{FAE04EC0-301F-11D3-BF4B-00C04F79EFBC}") = "RecomenderAPP", "RecomenderAPP\RecomenderAPP.csproj", "{465FD07C-01E0-4880-9AE8-62345ED60962}"
EndProject
Project("{FAE04EC0-301F-11D3-BF4B-00C04F79EFBC}") = "Pearson.UnitTest", "Pearson.UnitTest\Pearson.UnitTest.csproj", "{D5CBA2F8-C254-4FFA-9D48-15D9ACAF4226}"
EndProject
Global
	GlobalSection(SolutionConfigurationPlatforms) = preSolution
		Debug|Any CPU = Debug|Any CPU
		Release|Any CPU = Release|Any CPU
	EndGlobalSection
	GlobalSection(ProjectConfigurationPlatforms) = postSolution
		{A6BC8D3C-4CC9-417F-8539-8FF0295134BA}.Debug|Any CPU.ActiveCfg = Debug|Any CPU
		{A6BC8D3C-4CC9-417F-8539-8FF0295134BA}.Debug|Any CPU.Build.0 = Debug|Any CPU
		{A6BC8D3C-4CC9-417F-8539-8FF0295134BA}.Release|Any CPU.ActiveCfg = Release|Any CPU
		{A6BC8D3C-4CC9-417F-8539-8FF0295134BA}.Release|Any CPU.Build.0 = Release|Any CPU
		{E2D1B747-274F-4C1B-A338-4E65AA4E0EFC}.Debug|Any CPU.ActiveCfg = Debug|Any CPU
		{E2D1B747-274F-4C1B-A338-4E65AA4E0EFC}.Debug|Any CPU.Build.0 = Debug|Any CPU
		{E2D1B747-274F-4C1B-A338-4E65AA4E0EFC}.Release|Any CPU.ActiveCfg = Release|Any CPU
		{E2D1B747-274F-4C1B-A338-4E65AA4E0EFC}.Release|Any CPU.Build.0 = Release|Any CPU
		{BF804D15-82BD-4478-8701-AB2219024039}.Debug|Any CPU.ActiveCfg = Debug|Any CPU
		{BF804D15-82BD-4478-8701-AB2219024039}.Debug|Any CPU.Build.0 = Debug|Any CPU
		{BF804D15-82BD-4478-8701-AB2219024039}.Release|Any CPU.ActiveCfg = Release|Any CPU
		{BF804D15-82BD-4478-8701-AB2219024039}.Release|Any CPU.Build.0 = Release|Any CPU
		{E3904DB0-C1B7-4777-91DF-CAE1DEC1493E}.Debug|Any CPU.ActiveCfg = Debug|Any CPU
		{E3904DB0-C1B7-4777-91DF-CAE1DEC1493E}.Debug|Any CPU.Build.0 = Debug|Any CPU
		{E3904DB0-C1B7-4777-91DF-CAE1DEC1493E}.Release|Any CPU.ActiveCfg = Release|Any CPU
		{E3904DB0-C1B7-4777-91DF-CAE1DEC1493E}.Release|Any CPU.Build.0 = Release|Any CPU
		{6FA98498-0BA6-4C4B-9C49-905A3242902B}.Debug|Any CPU.ActiveCfg = Debug|Any CPU
		{6FA98498-0BA6-4C4B-9C49-905A3242902B}.Debug|Any CPU.Build.0 = Debug|Any CPU
		{6FA98498-0BA6-4C4B-9C49-905A3242902B}.Release|Any CPU.ActiveCfg = Release|Any CPU
		{6FA98498-0BA6-4C4B-9C49-905A3242902B}.Release|Any CPU.Build.0 = Release|Any CPU
		{B19C504B-2E4A-4D1B-8E75-FAA9CA737C21}.Debug|Any CPU.ActiveCfg = Debug|Any CPU
		{B19C504B-2E4A-4D1B-8E75-FAA9CA737C21}.Debug|Any CPU.Build.0 = Debug|Any CPU
		{B19C504B-2E4A-4D1B-8E75-FAA9CA737C21}.Release|Any CPU.ActiveCfg = Release|Any CPU
		{B19C504B-2E4A-4D1B-8E75-FAA9CA737C21}.Release|Any CPU.Build.0 = Release|Any CPU
		{2534A3E3-B355-4618-A4D8-ADB358824EE9}.Debug|Any CPU.ActiveCfg = Debug|Any CPU
		{2534A3E3-B355-4618-A4D8-ADB358824EE9}.Debug|Any CPU.Build.0 = Debug|Any CPU
		{2534A3E3-B355-4618-A4D8-ADB358824EE9}.Release|Any CPU.ActiveCfg = Release|Any CPU
		{2534A3E3-B355-4618-A4D8-ADB358824EE9}.Release|Any CPU.Build.0 = Release|Any CPU
		{D721266C-7112-491F-860B-62DC99E94A93}.Debug|Any CPU.ActiveCfg = Debug|Any CPU
		{D721266C-7112-491F-860B-62DC99E94A93}.Debug|Any CPU.Build.0 = Debug|Any CPU
		{D721266C-7112-491F-860B-62DC99E94A93}.Release|Any CPU.ActiveCfg = Release|Any CPU
		{D721266C-7112-491F-860B-62DC99E94A93}.Release|Any CPU.Build.0 = Release|Any CPU
		{465FD07C-01E0-4880-9AE8-62345ED60962}.Debug|Any CPU.ActiveCfg = Debug|Any CPU
		{465FD07C-01E0-4880-9AE8-62345ED60962}.Debug|Any CPU.Build.0 = Debug|Any CPU
		{465FD07C-01E0-4880-9AE8-62345ED60962}.Release|Any CPU.ActiveCfg = Release|Any CPU
		{465FD07C-01E0-4880-9AE8-62345ED60962}.Release|Any CPU.Build.0 = Release|Any CPU
		{D5CBA2F8-C254-4FFA-9D48-15D9ACAF4226}.Debug|Any CPU.ActiveCfg = Debug|Any CPU
		{D5CBA2F8-C254-4FFA-9D48-15D9ACAF4226}.Debug|Any CPU.Build.0 = Debug|Any CPU
		{D5CBA2F8-C254-4FFA-9D48-15D9ACAF4226}.Release|Any CPU.ActiveCfg = Release|Any CPU
		{D5CBA2F8-C254-4FFA-9D48-15D9ACAF4226}.Release|Any CPU.Build.0 = Release|Any CPU
	EndGlobalSection
	GlobalSection(SolutionProperties) = preSolution
		HideSolutionNode = FALSE
	EndGlobalSection
	GlobalSection(NestedProjects) = preSolution
		{BF804D15-82BD-4478-8701-AB2219024039} = {9ADDD6E8-F337-48A7-A4A9-D11FF6345667}
		{E3904DB0-C1B7-4777-91DF-CAE1DEC1493E} = {9ADDD6E8-F337-48A7-A4A9-D11FF6345667}
		{6FA98498-0BA6-4C4B-9C49-905A3242902B} = {9ADDD6E8-F337-48A7-A4A9-D11FF6345667}
		{2534A3E3-B355-4618-A4D8-ADB358824EE9} = {0C8BBDAD-5378-426B-B294-3173A6BD2068}
		{E773D522-57E8-41C9-9A9D-F0A2E95B04EB} = {26378BBE-28EC-4B89-90B5-9F2644E84826}
		{D721266C-7112-491F-860B-62DC99E94A93} = {E773D522-57E8-41C9-9A9D-F0A2E95B04EB}
		{8D46A278-1CB7-4274-ACD7-15CBE4452E19} = {26378BBE-28EC-4B89-90B5-9F2644E84826}
		{465FD07C-01E0-4880-9AE8-62345ED60962} = {8D46A278-1CB7-4274-ACD7-15CBE4452E19}
		{D5CBA2F8-C254-4FFA-9D48-15D9ACAF4226} = {E773D522-57E8-41C9-9A9D-F0A2E95B04EB}
	EndGlobalSection
	GlobalSection(ExtensibilityGlobals) = postSolution
		SolutionGuid = {EB73F8FF-659E-4C7B-A7EE-F5C69BBD8751}
	EndGlobalSection
EndGlobal
